{
  "name": "sails-out",
  "lockfileVersion": 3,
  "requires": true,
  "packages": {
    "": {
      "dependencies": {
        "swiper": "^11.1.12"
      }
    },
    "node_modules/swiper": {
      "version": "11.1.12",
      "resolved": "https://registry.npmjs.org/swiper/-/swiper-11.1.12.tgz",
      "integrity": "sha512-PUkCToYAZMB4kP7z+YfPnkMHOMwMO71g8vUhz2o5INGIgIMb6Sb0XiP6cEJFsiFTd7FRDn5XCbg+KVKPDZqXLw==",
      "funding": [
        {
          "type": "patreon",
          "url": "https://www.patreon.com/swiperjs"
        },
        {
          "type": "open_collective",
          "url": "http://opencollective.com/swiper"
        }
      ],
      "engines": {
        "node": ">= 4.7.0"
      }
    }
  }
}
